
Microsoft Visual Studio Solution File, Format Version 12.00
# Visual Studio 15
VisualStudioVersion = 15.0.28307.168
MinimumVisualStudioVersion = 10.0.40219.1
Project("{FAE04EC0-301F-11D3-BF4B-00C04F79EFBC}") = "PeopleViewer", "PeopleViewer\PeopleViewer.csproj", "{068F7880-21BD-475F-A346-13AB0A23133E}"
EndProject
Project("{9A19103F-16F7-4668-BE54-9A1E7A4F7556}") = "People.Service", "People.Service\People.Service.csproj", "{7DD92A6C-7CB1-4CA2-9CD3-0C95633F198E}"
EndProject
Project("{2150E333-8FDC-42A3-9474-1A3956D46DE8}") = "0-Bootstrapper", "0-Bootstrapper", "{15C7047A-450E-4269-9F29-96EC321EA848}"
EndProject
Project("{2150E333-8FDC-42A3-9474-1A3956D46DE8}") = "4-DataStorage", "4-DataStorage", "{FF2926BF-8456-4C06-A755-3C3EB61F3DFE}"
EndProject
Project("{2150E333-8FDC-42A3-9474-1A3956D46DE8}") = "3-DataAccess", "3-DataAccess", "{C3D5F2F8-736B-4DCD-B829-8BFED74BA493}"
EndProject
Project("{2150E333-8FDC-42A3-9474-1A3956D46DE8}") = "2-Presentation", "2-Presentation", "{B12AEE66-1494-418E-A0DF-DDDA33E259F1}"
EndProject
Project("{9A19103F-16F7-4668-BE54-9A1E7A4F7556}") = "PeopleViewer.Presentation", "PeopleViewer.Presentation\PeopleViewer.Presentation.csproj", "{952DADE9-B379-4EF2-AA13-781A847818EC}"
EndProject
Project("{9A19103F-16F7-4668-BE54-9A1E7A4F7556}") = "PersonDataReader.Service", "PersonDataReader.Service\PersonDataReader.Service.csproj", "{CA99E8C7-8790-4FA2-9787-C8E5DB9E356E}"
EndProject
Project("{2150E333-8FDC-42A3-9474-1A3956D46DE8}") = "Shared", "Shared", "{27775FC0-A841-491F-AE5E-99BF754C0077}"
EndProject
Project("{9A19103F-16F7-4668-BE54-9A1E7A4F7556}") = "PeopleViewer.Common", "PeopleViewer.Common\PeopleViewer.Common.csproj", "{5D9D9BE8-9C6A-4655-9695-99942577A1D2}"
EndProject
Project("{2150E333-8FDC-42A3-9474-1A3956D46DE8}") = "1-View", "1-View", "{022627D2-352F-4940-84EE-D58FEAB39C58}"
EndProject
Project("{FAE04EC0-301F-11D3-BF4B-00C04F79EFBC}") = "PeopleViewer.View", "PeopleViewer.View\PeopleViewer.View.csproj", "{FB73371A-01FA-40CC-A59F-408185DD5450}"
EndProject
Project("{9A19103F-16F7-4668-BE54-9A1E7A4F7556}") = "PersonDataReader.CSV", "PersonDataReader.CSV\PersonDataReader.CSV.csproj", "{5936743C-6833-46EA-B9CE-EAC77CB20F4C}"
EndProject
Project("{9A19103F-16F7-4668-BE54-9A1E7A4F7556}") = "PersonDataReader.SQL", "PersonDataReader.SQL\PersonDataReader.SQL.csproj", "{42C601E1-A277-4A7E-9D6F-54B099DEF2FD}"
EndProject
Project("{9A19103F-16F7-4668-BE54-9A1E7A4F7556}") = "PersonDataReader.Decorators", "PersonDataReader.Decorators\PersonDataReader.Decorators.csproj", "{4C718799-35D5-4531-9844-CAE1C37803B7}"
EndProject
Project("{2150E333-8FDC-42A3-9474-1A3956D46DE8}") = "UnitTests", "UnitTests", "{955AB389-1BBB-415F-9BA4-363E0E7B99AD}"
EndProject
Project("{FAE04EC0-301F-11D3-BF4B-00C04F79EFBC}") = "PeopleViewer.Presentation.Tests", "PeopleViewer.Presentation.Tests\PeopleViewer.Presentation.Tests.csproj", "{EAA77D4B-8CBA-40B7-9BDC-0EAF2524E1F3}"
EndProject
Project("{FAE04EC0-301F-11D3-BF4B-00C04F79EFBC}") = "PersonDataReader.CSV.Tests", "PersonDataReader.CSV.Tests\PersonDataReader.CSV.Tests.csproj", "{EF2DD069-4EDF-4A3D-A6DF-3883AE8A1DE5}"
EndProject
Global
	GlobalSection(SolutionConfigurationPlatforms) = preSolution
		Debug|Any CPU = Debug|Any CPU
		Release|Any CPU = Release|Any CPU
	EndGlobalSection
	GlobalSection(ProjectConfigurationPlatforms) = postSolution
		{068F7880-21BD-475F-A346-13AB0A23133E}.Debug|Any CPU.ActiveCfg = Debug|Any CPU
		{068F7880-21BD-475F-A346-13AB0A23133E}.Debug|Any CPU.Build.0 = Debug|Any CPU
		{068F7880-21BD-475F-A346-13AB0A23133E}.Release|Any CPU.ActiveCfg = Release|Any CPU
		{068F7880-21BD-475F-A346-13AB0A23133E}.Release|Any CPU.Build.0 = Release|Any CPU
		{7DD92A6C-7CB1-4CA2-9CD3-0C95633F198E}.Debug|Any CPU.ActiveCfg = Debug|Any CPU
		{7DD92A6C-7CB1-4CA2-9CD3-0C95633F198E}.Debug|Any CPU.Build.0 = Debug|Any CPU
		{7DD92A6C-7CB1-4CA2-9CD3-0C95633F198E}.Release|Any CPU.ActiveCfg = Release|Any CPU
		{7DD92A6C-7CB1-4CA2-9CD3-0C95633F198E}.Release|Any CPU.Build.0 = Release|Any CPU
		{952DADE9-B379-4EF2-AA13-781A847818EC}.Debug|Any CPU.ActiveCfg = Debug|Any CPU
		{952DADE9-B379-4EF2-AA13-781A847818EC}.Debug|Any CPU.Build.0 = Debug|Any CPU
		{952DADE9-B379-4EF2-AA13-781A847818EC}.Release|Any CPU.ActiveCfg = Release|Any CPU
		{952DADE9-B379-4EF2-AA13-781A847818EC}.Release|Any CPU.Build.0 = Release|Any CPU
		{CA99E8C7-8790-4FA2-9787-C8E5DB9E356E}.Debug|Any CPU.ActiveCfg = Debug|Any CPU
		{CA99E8C7-8790-4FA2-9787-C8E5DB9E356E}.Debug|Any CPU.Build.0 = Debug|Any CPU
		{CA99E8C7-8790-4FA2-9787-C8E5DB9E356E}.Release|Any CPU.ActiveCfg = Release|Any CPU
		{CA99E8C7-8790-4FA2-9787-C8E5DB9E356E}.Release|Any CPU.Build.0 = Release|Any CPU
		{5D9D9BE8-9C6A-4655-9695-99942577A1D2}.Debug|Any CPU.ActiveCfg = Debug|Any CPU
		{5D9D9BE8-9C6A-4655-9695-99942577A1D2}.Debug|Any CPU.Build.0 = Debug|Any CPU
		{5D9D9BE8-9C6A-4655-9695-99942577A1D2}.Release|Any CPU.ActiveCfg = Release|Any CPU
		{5D9D9BE8-9C6A-4655-9695-99942577A1D2}.Release|Any CPU.Build.0 = Release|Any CPU
		{FB73371A-01FA-40CC-A59F-408185DD5450}.Debug|Any CPU.ActiveCfg = Debug|Any CPU
		{FB73371A-01FA-40CC-A59F-408185DD5450}.Debug|Any CPU.Build.0 = Debug|Any CPU
		{FB73371A-01FA-40CC-A59F-408185DD5450}.Release|Any CPU.ActiveCfg = Release|Any CPU
		{FB73371A-01FA-40CC-A59F-408185DD5450}.Release|Any CPU.Build.0 = Release|Any CPU
		{5936743C-6833-46EA-B9CE-EAC77CB20F4C}.Debug|Any CPU.ActiveCfg = Debug|Any CPU
		{5936743C-6833-46EA-B9CE-EAC77CB20F4C}.Debug|Any CPU.Build.0 = Debug|Any CPU
		{5936743C-6833-46EA-B9CE-EAC77CB20F4C}.Release|Any CPU.ActiveCfg = Release|Any CPU
		{5936743C-6833-46EA-B9CE-EAC77CB20F4C}.Release|Any CPU.Build.0 = Release|Any CPU
		{42C601E1-A277-4A7E-9D6F-54B099DEF2FD}.Debug|Any CPU.ActiveCfg = Debug|Any CPU
		{42C601E1-A277-4A7E-9D6F-54B099DEF2FD}.Debug|Any CPU.Build.0 = Debug|Any CPU
		{42C601E1-A277-4A7E-9D6F-54B099DEF2FD}.Release|Any CPU.ActiveCfg = Release|Any CPU
		{42C601E1-A277-4A7E-9D6F-54B099DEF2FD}.Release|Any CPU.Build.0 = Release|Any CPU
		{4C718799-35D5-4531-9844-CAE1C37803B7}.Debug|Any CPU.ActiveCfg = Debug|Any CPU
		{4C718799-35D5-4531-9844-CAE1C37803B7}.Debug|Any CPU.Build.0 = Debug|Any CPU
		{4C718799-35D5-4531-9844-CAE1C37803B7}.Release|Any CPU.ActiveCfg = Release|Any CPU
		{4C718799-35D5-4531-9844-CAE1C37803B7}.Release|Any CPU.Build.0 = Release|Any CPU
		{EAA77D4B-8CBA-40B7-9BDC-0EAF2524E1F3}.Debug|Any CPU.ActiveCfg = Debug|Any CPU
		{EAA77D4B-8CBA-40B7-9BDC-0EAF2524E1F3}.Debug|Any CPU.Build.0 = Debug|Any CPU
		{EAA77D4B-8CBA-40B7-9BDC-0EAF2524E1F3}.Release|Any CPU.ActiveCfg = Release|Any CPU
		{EAA77D4B-8CBA-40B7-9BDC-0EAF2524E1F3}.Release|Any CPU.Build.0 = Release|Any CPU
		{EF2DD069-4EDF-4A3D-A6DF-3883AE8A1DE5}.Debug|Any CPU.ActiveCfg = Debug|Any CPU
		{EF2DD069-4EDF-4A3D-A6DF-3883AE8A1DE5}.Debug|Any CPU.Build.0 = Debug|Any CPU
		{EF2DD069-4EDF-4A3D-A6DF-3883AE8A1DE5}.Release|Any CPU.ActiveCfg = Release|Any CPU
		{EF2DD069-4EDF-4A3D-A6DF-3883AE8A1DE5}.Release|Any CPU.Build.0 = Release|Any CPU
	EndGlobalSection
	GlobalSection(SolutionProperties) = preSolution
		HideSolutionNode = FALSE
	EndGlobalSection
	GlobalSection(NestedProjects) = preSolution
		{068F7880-21BD-475F-A346-13AB0A23133E} = {15C7047A-450E-4269-9F29-96EC321EA848}
		{7DD92A6C-7CB1-4CA2-9CD3-0C95633F198E} = {FF2926BF-8456-4C06-A755-3C3EB61F3DFE}
		{952DADE9-B379-4EF2-AA13-781A847818EC} = {B12AEE66-1494-418E-A0DF-DDDA33E259F1}
		{CA99E8C7-8790-4FA2-9787-C8E5DB9E356E} = {C3D5F2F8-736B-4DCD-B829-8BFED74BA493}
		{5D9D9BE8-9C6A-4655-9695-99942577A1D2} = {27775FC0-A841-491F-AE5E-99BF754C0077}
		{FB73371A-01FA-40CC-A59F-408185DD5450} = {022627D2-352F-4940-84EE-D58FEAB39C58}
		{5936743C-6833-46EA-B9CE-EAC77CB20F4C} = {C3D5F2F8-736B-4DCD-B829-8BFED74BA493}
		{42C601E1-A277-4A7E-9D6F-54B099DEF2FD} = {C3D5F2F8-736B-4DCD-B829-8BFED74BA493}
		{4C718799-35D5-4531-9844-CAE1C37803B7} = {C3D5F2F8-736B-4DCD-B829-8BFED74BA493}
		{EAA77D4B-8CBA-40B7-9BDC-0EAF2524E1F3} = {955AB389-1BBB-415F-9BA4-363E0E7B99AD}
		{EF2DD069-4EDF-4A3D-A6DF-3883AE8A1DE5} = {955AB389-1BBB-415F-9BA4-363E0E7B99AD}
	EndGlobalSection
	GlobalSection(ExtensibilityGlobals) = postSolution
		SolutionGuid = {FCF92DCF-3599-4010-BB06-FFF5E0A25037}
	EndGlobalSection
EndGlobal
